
Microsoft Visual Studio Solution File, Format Version 12.00
# Visual Studio Version 17
VisualStudioVersion = 17.6.33717.318
MinimumVisualStudioVersion = 10.0.40219.1
Project("{FAE04EC0-301F-11D3-BF4B-00C04F79EFBC}") = "Project2", "Project2\Project2.csproj", "{DE15A487-C4C0-4CB5-8B36-D8A21A86A3C5}"
EndProject
Global
	GlobalSection(SolutionConfigurationPlatforms) = preSolution
		Debug|Any CPU = Debug|Any CPU
		Release|Any CPU = Release|Any CPU
	EndGlobalSection
	GlobalSection(ProjectConfigurationPlatforms) = postSolution
		{DE15A487-C4C0-4CB5-8B36-D8A21A86A3C5}.Debug|Any CPU.ActiveCfg = Debug|Any CPU
		{DE15A487-C4C0-4CB5-8B36-D8A21A86A3C5}.Debug|Any CPU.Build.0 = Debug|Any CPU
		{DE15A487-C4C0-4CB5-8B36-D8A21A86A3C5}.Release|Any CPU.ActiveCfg = Release|Any CPU
		{DE15A487-C4C0-4CB5-8B36-D8A21A86A3C5}.Release|Any CPU.Build.0 = Release|Any CPU
	EndGlobalSection
	GlobalSection(SolutionProperties) = preSolution
		HideSolutionNode = FALSE
	EndGlobalSection
	GlobalSection(ExtensibilityGlobals) = postSolution
		SolutionGuid = {AA6EE20A-6B60-416C-8503-2E015C5E1FE5}
	EndGlobalSection
EndGlobal
